
Microsoft Visual Studio Solution File, Format Version 12.00
# Visual Studio 15
VisualStudioVersion = 15.0.28010.2026
MinimumVisualStudioVersion = 10.0.40219.1
Project("{FAE04EC0-301F-11D3-BF4B-00C04F79EFBC}") = "SimpleAngularJSSite", "SimpleAngularJSSite\SimpleAngularJSSite.csproj", "{7D50F800-C9E1-4AE0-84A2-ECF8FEB9BA76}"
EndProject
Global
	GlobalSection(SolutionConfigurationPlatforms) = preSolution
		Debug|Any CPU = Debug|Any CPU
		Release|Any CPU = Release|Any CPU
	EndGlobalSection
	GlobalSection(ProjectConfigurationPlatforms) = postSolution
		{7D50F800-C9E1-4AE0-84A2-ECF8FEB9BA76}.Debug|Any CPU.ActiveCfg = Debug|Any CPU
		{7D50F800-C9E1-4AE0-84A2-ECF8FEB9BA76}.Debug|Any CPU.Build.0 = Debug|Any CPU
		{7D50F800-C9E1-4AE0-84A2-ECF8FEB9BA76}.Release|Any CPU.ActiveCfg = Release|Any CPU
		{7D50F800-C9E1-4AE0-84A2-ECF8FEB9BA76}.Release|Any CPU.Build.0 = Release|Any CPU
	EndGlobalSection
	GlobalSection(SolutionProperties) = preSolution
		HideSolutionNode = FALSE
	EndGlobalSection
	GlobalSection(ExtensibilityGlobals) = postSolution
		SolutionGuid = {3EDC0151-3A3D-464F-A5A3-A6877E12D588}
	EndGlobalSection
EndGlobal
